
Microsoft Visual Studio Solution File, Format Version 12.00
# Visual Studio Version 16
VisualStudioVersion = 16.0.30114.105
MinimumVisualStudioVersion = 10.0.40219.1
Project("{9A19103F-16F7-4668-BE54-9A1E7A4F7556}") = "API", "API\API.csproj", "{8C9CD007-9547-489A-9432-02E2F461454B}"
EndProject
Project("{9A19103F-16F7-4668-BE54-9A1E7A4F7556}") = "Application", "Application\Application.csproj", "{826E8CFC-E7AE-4812-99A4-A248A3269D05}"
EndProject
Project("{9A19103F-16F7-4668-BE54-9A1E7A4F7556}") = "Persistence", "Persistance\Persistence.csproj", "{30A8FE4C-6787-4E6D-8B82-528BBAE0BE83}"
EndProject
Project("{9A19103F-16F7-4668-BE54-9A1E7A4F7556}") = "Domain", "Domain\Domain.csproj", "{554415AE-CE00-48BF-98D3-5243D31DE1C8}"
EndProject
Global
	GlobalSection(SolutionConfigurationPlatforms) = preSolution
		Debug|Any CPU = Debug|Any CPU
		Debug|x64 = Debug|x64
		Debug|x86 = Debug|x86
		Release|Any CPU = Release|Any CPU
		Release|x64 = Release|x64
		Release|x86 = Release|x86
	EndGlobalSection
	GlobalSection(ProjectConfigurationPlatforms) = postSolution
		{8C9CD007-9547-489A-9432-02E2F461454B}.Debug|Any CPU.ActiveCfg = Debug|Any CPU
		{8C9CD007-9547-489A-9432-02E2F461454B}.Debug|Any CPU.Build.0 = Debug|Any CPU
		{8C9CD007-9547-489A-9432-02E2F461454B}.Debug|x64.ActiveCfg = Debug|Any CPU
		{8C9CD007-9547-489A-9432-02E2F461454B}.Debug|x64.Build.0 = Debug|Any CPU
		{8C9CD007-9547-489A-9432-02E2F461454B}.Debug|x86.ActiveCfg = Debug|Any CPU
		{8C9CD007-9547-489A-9432-02E2F461454B}.Debug|x86.Build.0 = Debug|Any CPU
		{8C9CD007-9547-489A-9432-02E2F461454B}.Release|Any CPU.ActiveCfg = Release|Any CPU
		{8C9CD007-9547-489A-9432-02E2F461454B}.Release|Any CPU.Build.0 = Release|Any CPU
		{8C9CD007-9547-489A-9432-02E2F461454B}.Release|x64.ActiveCfg = Release|Any CPU
		{8C9CD007-9547-489A-9432-02E2F461454B}.Release|x64.Build.0 = Release|Any CPU
		{8C9CD007-9547-489A-9432-02E2F461454B}.Release|x86.ActiveCfg = Release|Any CPU
		{8C9CD007-9547-489A-9432-02E2F461454B}.Release|x86.Build.0 = Release|Any CPU
		{826E8CFC-E7AE-4812-99A4-A248A3269D05}.Debug|Any CPU.ActiveCfg = Debug|Any CPU
		{826E8CFC-E7AE-4812-99A4-A248A3269D05}.Debug|Any CPU.Build.0 = Debug|Any CPU
		{826E8CFC-E7AE-4812-99A4-A248A3269D05}.Debug|x64.ActiveCfg = Debug|Any CPU
		{826E8CFC-E7AE-4812-99A4-A248A3269D05}.Debug|x64.Build.0 = Debug|Any CPU
		{826E8CFC-E7AE-4812-99A4-A248A3269D05}.Debug|x86.ActiveCfg = Debug|Any CPU
		{826E8CFC-E7AE-4812-99A4-A248A3269D05}.Debug|x86.Build.0 = Debug|Any CPU
		{826E8CFC-E7AE-4812-99A4-A248A3269D05}.Release|Any CPU.ActiveCfg = Release|Any CPU
		{826E8CFC-E7AE-4812-99A4-A248A3269D05}.Release|Any CPU.Build.0 = Release|Any CPU
		{826E8CFC-E7AE-4812-99A4-A248A3269D05}.Release|x64.ActiveCfg = Release|Any CPU
		{826E8CFC-E7AE-4812-99A4-A248A3269D05}.Release|x64.Build.0 = Release|Any CPU
		{826E8CFC-E7AE-4812-99A4-A248A3269D05}.Release|x86.ActiveCfg = Release|Any CPU
		{826E8CFC-E7AE-4812-99A4-A248A3269D05}.Release|x86.Build.0 = Release|Any CPU
		{30A8FE4C-6787-4E6D-8B82-528BBAE0BE83}.Debug|Any CPU.ActiveCfg = Debug|Any CPU
		{30A8FE4C-6787-4E6D-8B82-528BBAE0BE83}.Debug|Any CPU.Build.0 = Debug|Any CPU
		{30A8FE4C-6787-4E6D-8B82-528BBAE0BE83}.Debug|x64.ActiveCfg = Debug|Any CPU
		{30A8FE4C-6787-4E6D-8B82-528BBAE0BE83}.Debug|x64.Build.0 = Debug|Any CPU
		{30A8FE4C-6787-4E6D-8B82-528BBAE0BE83}.Debug|x86.ActiveCfg = Debug|Any CPU
		{30A8FE4C-6787-4E6D-8B82-528BBAE0BE83}.Debug|x86.Build.0 = Debug|Any CPU
		{30A8FE4C-6787-4E6D-8B82-528BBAE0BE83}.Release|Any CPU.ActiveCfg = Release|Any CPU
		{30A8FE4C-6787-4E6D-8B82-528BBAE0BE83}.Release|Any CPU.Build.0 = Release|Any CPU
		{30A8FE4C-6787-4E6D-8B82-528BBAE0BE83}.Release|x64.ActiveCfg = Release|Any CPU
		{30A8FE4C-6787-4E6D-8B82-528BBAE0BE83}.Release|x64.Build.0 = Release|Any CPU
		{30A8FE4C-6787-4E6D-8B82-528BBAE0BE83}.Release|x86.ActiveCfg = Release|Any CPU
		{30A8FE4C-6787-4E6D-8B82-528BBAE0BE83}.Release|x86.Build.0 = Release|Any CPU
		{554415AE-CE00-48BF-98D3-5243D31DE1C8}.Debug|Any CPU.ActiveCfg = Debug|Any CPU
		{554415AE-CE00-48BF-98D3-5243D31DE1C8}.Debug|Any CPU.Build.0 = Debug|Any CPU
		{554415AE-CE00-48BF-98D3-5243D31DE1C8}.Debug|x64.ActiveCfg = Debug|Any CPU
		{554415AE-CE00-48BF-98D3-5243D31DE1C8}.Debug|x64.Build.0 = Debug|Any CPU
		{554415AE-CE00-48BF-98D3-5243D31DE1C8}.Debug|x86.ActiveCfg = Debug|Any CPU
		{554415AE-CE00-48BF-98D3-5243D31DE1C8}.Debug|x86.Build.0 = Debug|Any CPU
		{554415AE-CE00-48BF-98D3-5243D31DE1C8}.Release|Any CPU.ActiveCfg = Release|Any CPU
		{554415AE-CE00-48BF-98D3-5243D31DE1C8}.Release|Any CPU.Build.0 = Release|Any CPU
		{554415AE-CE00-48BF-98D3-5243D31DE1C8}.Release|x64.ActiveCfg = Release|Any CPU
		{554415AE-CE00-48BF-98D3-5243D31DE1C8}.Release|x64.Build.0 = Release|Any CPU
		{554415AE-CE00-48BF-98D3-5243D31DE1C8}.Release|x86.ActiveCfg = Release|Any CPU
		{554415AE-CE00-48BF-98D3-5243D31DE1C8}.Release|x86.Build.0 = Release|Any CPU
	EndGlobalSection
	GlobalSection(SolutionProperties) = preSolution
		HideSolutionNode = FALSE
	EndGlobalSection
	GlobalSection(ExtensibilityGlobals) = postSolution
		SolutionGuid = {0C3A64F6-EF89-47C2-9192-082AA3C7E263}
	EndGlobalSection
EndGlobal
